PODS:
  - AWSCognito (2.3.5):
    - AWSCore (= 2.3.5)
  - AWSCore (2.3.5)
  - AWSDynamoDB (2.3.5):
    - AWSCore (= 2.3.5)
  - AWSS3 (2.3.5):
    - AWSCore (= 2.3.5)
  - AWSSNS (2.3.5):
    - AWSCore (= 2.3.5)
  - Bolts (1.8.1):
    - Bolts/AppLinks (= 1.8.1)
    - Bolts/Tasks (= 1.8.1)
  - Bolts/AppLinks (1.8.1):
    - Bolts/Tasks
  - Bolts/Tasks (1.8.1)
  - FBAnnotationClustering (0.2.2)
  - Flurry-iOS-SDK/FlurrySDK (7.6.0)
  - Google/Analytics (2.0.4):
    - Google/Core
    - GoogleAnalytics (~> 3.12)
  - Google/Core (2.0.4):
    - GoogleInterchangeUtilities (~> 1.0)
    - GoogleNetworkingUtilities (~> 1.0)
    - GoogleSymbolUtilities (~> 1.0)
    - GoogleUtilities (~> 1.1)
  - GoogleAnalytics (3.14.0)
  - GoogleInterchangeUtilities (1.2.0):
    - GoogleSymbolUtilities (~> 1.0)
  - GoogleNetworkingUtilities (1.2.0):
    - GoogleSymbolUtilities (~> 1.0)
  - GoogleSymbolUtilities (1.1.0)
  - GoogleUtilities (1.3.0):
    - GoogleSymbolUtilities (~> 1.0)
  - SWTableViewCell (0.3.7)
  - TGCameraViewController (2.2.2)
  - UIScrollView-InfiniteScroll (0.7.3)

DEPENDENCIES:
  - AWSCognito
  - AWSCore
  - AWSDynamoDB
  - AWSS3
  - AWSSNS
  - Bolts
  - FBAnnotationClustering
  - Flurry-iOS-SDK/FlurrySDK
  - Google/Analytics
  - SWTableViewCell (~> 0.3.7)
  - TGCameraViewController
  - UIScrollView-InfiniteScroll

SPEC CHECKSUMS:
  AWSCognito: f12700b4781897b2913544b36d6283f04ae72a44
  AWSCore: 8022eda5778fd7b87c9182709d8a27388e1a31fb
  AWSDynamoDB: 00123cb4cc540768dc4aef89f41b36a474de9363
  AWSS3: 967f4ad3c91f1ed2c9dca09a9dcf905111232a87
  AWSSNS: d95b17f039776ec0dd9cd9237313779d174b0215
  Bolts: 89c0c6dd1b9c975a3452a62d57a6be6739e5f433
  FBAnnotationClustering: 0fb150b264030ca72f7c182c94473dd769e9c43a
  Flurry-iOS-SDK: 9822fe709195f0e3ae3e52c785eee9ff651ff648
  Google: d0932824c5b97c96be489aa6f4e8cd6c294d637d
  GoogleAnalytics: 9be1afdb8deeac4bb5f13ca7f7d3b9db2a1f43dc
  GoogleInterchangeUtilities: 427382e42d8a340038bec37c6fdfd316e14b5fa2
  GoogleNetworkingUtilities: ec1e9911aca811eb18b7144394fee6168b607785
  GoogleSymbolUtilities: eb3965ea12710569c7b80db198a39e39b18613f7
  GoogleUtilities: 5c653f7df2eedf0ce0efdfe5afe4f831f375fd7a
  SWTableViewCell: 2a94aadc9d47b2b611fa064566bf57948b95b579
  TGCameraViewController: 010082bae689f3940b132b310b44e4ddc5a4f8e4
  UIScrollView-InfiniteScroll: b6c7d6d155dca7f9c5dd43813ecffeb301b3d50c

PODFILE CHECKSUM: 6f25060b2ff394e4ad6046ea8e3c97a6fbe9dc75

COCOAPODS: 1.0.1
